
Microsoft Visual Studio Solution File, Format Version 12.00
# Visual Studio Version 16
VisualStudioVersion = 16.0.28729.10
MinimumVisualStudioVersion = 10.0.40219.1
Project("{9A19103F-16F7-4668-BE54-9A1E7A4F7556}") = "CollectionSolutions", "CollectionSolutions\CollectionSolutions.csproj", "{17A2B925-E7EA-4932-8EEF-8B3AA045FC0C}"
EndProject
Project("{9A19103F-16F7-4668-BE54-9A1E7A4F7556}") = "MyArray", "MyArray\MyArray.csproj", "{53104B60-2DE6-43A5-A1BE-E5A1DBB02FE4}"
EndProject
Project("{9A19103F-16F7-4668-BE54-9A1E7A4F7556}") = "MyArray.Tests", "MyArray.Tests\MyArray.Tests.csproj", "{0F716376-3EF3-40D2-A81C-FFB89DFA7A4B}"
EndProject
Project("{9A19103F-16F7-4668-BE54-9A1E7A4F7556}") = "MyStack", "MyStack\MyStack.csproj", "{17F6056C-22B0-40E9-960A-CDEE08F7C65D}"
EndProject
Project("{9A19103F-16F7-4668-BE54-9A1E7A4F7556}") = "MyStack.Tests", "MyStack.Tests\MyStack.Tests.csproj", "{2F901290-90D1-4DF9-AF34-32536F8EA18C}"
EndProject
Project("{FAE04EC0-301F-11D3-BF4B-00C04F79EFBC}") = "MyList", "MyList\MyList.csproj", "{75C42888-E307-4449-B67A-277FDDCF3797}"
EndProject
Project("{FAE04EC0-301F-11D3-BF4B-00C04F79EFBC}") = "MyList.Tests", "MyList.Tests\MyList.Tests.csproj", "{FD9C80E8-D0AA-4AD4-852C-C325976DD37A}"
EndProject
Global
	GlobalSection(SolutionConfigurationPlatforms) = preSolution
		Debug|Any CPU = Debug|Any CPU
		Release|Any CPU = Release|Any CPU
	EndGlobalSection
	GlobalSection(ProjectConfigurationPlatforms) = postSolution
		{17A2B925-E7EA-4932-8EEF-8B3AA045FC0C}.Debug|Any CPU.ActiveCfg = Debug|Any CPU
		{17A2B925-E7EA-4932-8EEF-8B3AA045FC0C}.Debug|Any CPU.Build.0 = Debug|Any CPU
		{17A2B925-E7EA-4932-8EEF-8B3AA045FC0C}.Release|Any CPU.ActiveCfg = Release|Any CPU
		{17A2B925-E7EA-4932-8EEF-8B3AA045FC0C}.Release|Any CPU.Build.0 = Release|Any CPU
		{53104B60-2DE6-43A5-A1BE-E5A1DBB02FE4}.Debug|Any CPU.ActiveCfg = Debug|Any CPU
		{53104B60-2DE6-43A5-A1BE-E5A1DBB02FE4}.Debug|Any CPU.Build.0 = Debug|Any CPU
		{53104B60-2DE6-43A5-A1BE-E5A1DBB02FE4}.Release|Any CPU.ActiveCfg = Release|Any CPU
		{53104B60-2DE6-43A5-A1BE-E5A1DBB02FE4}.Release|Any CPU.Build.0 = Release|Any CPU
		{0F716376-3EF3-40D2-A81C-FFB89DFA7A4B}.Debug|Any CPU.ActiveCfg = Debug|Any CPU
		{0F716376-3EF3-40D2-A81C-FFB89DFA7A4B}.Debug|Any CPU.Build.0 = Debug|Any CPU
		{0F716376-3EF3-40D2-A81C-FFB89DFA7A4B}.Release|Any CPU.ActiveCfg = Release|Any CPU
		{0F716376-3EF3-40D2-A81C-FFB89DFA7A4B}.Release|Any CPU.Build.0 = Release|Any CPU
		{17F6056C-22B0-40E9-960A-CDEE08F7C65D}.Debug|Any CPU.ActiveCfg = Debug|Any CPU
		{17F6056C-22B0-40E9-960A-CDEE08F7C65D}.Debug|Any CPU.Build.0 = Debug|Any CPU
		{17F6056C-22B0-40E9-960A-CDEE08F7C65D}.Release|Any CPU.ActiveCfg = Release|Any CPU
		{17F6056C-22B0-40E9-960A-CDEE08F7C65D}.Release|Any CPU.Build.0 = Release|Any CPU
		{2F901290-90D1-4DF9-AF34-32536F8EA18C}.Debug|Any CPU.ActiveCfg = Debug|Any CPU
		{2F901290-90D1-4DF9-AF34-32536F8EA18C}.Debug|Any CPU.Build.0 = Debug|Any CPU
		{2F901290-90D1-4DF9-AF34-32536F8EA18C}.Release|Any CPU.ActiveCfg = Release|Any CPU
		{2F901290-90D1-4DF9-AF34-32536F8EA18C}.Release|Any CPU.Build.0 = Release|Any CPU
		{75C42888-E307-4449-B67A-277FDDCF3797}.Debug|Any CPU.ActiveCfg = Debug|Any CPU
		{75C42888-E307-4449-B67A-277FDDCF3797}.Debug|Any CPU.Build.0 = Debug|Any CPU
		{75C42888-E307-4449-B67A-277FDDCF3797}.Release|Any CPU.ActiveCfg = Release|Any CPU
		{75C42888-E307-4449-B67A-277FDDCF3797}.Release|Any CPU.Build.0 = Release|Any CPU
		{FD9C80E8-D0AA-4AD4-852C-C325976DD37A}.Debug|Any CPU.ActiveCfg = Debug|Any CPU
		{FD9C80E8-D0AA-4AD4-852C-C325976DD37A}.Debug|Any CPU.Build.0 = Debug|Any CPU
		{FD9C80E8-D0AA-4AD4-852C-C325976DD37A}.Release|Any CPU.ActiveCfg = Release|Any CPU
		{FD9C80E8-D0AA-4AD4-852C-C325976DD37A}.Release|Any CPU.Build.0 = Release|Any CPU
	EndGlobalSection
	GlobalSection(SolutionProperties) = preSolution
		HideSolutionNode = FALSE
	EndGlobalSection
	GlobalSection(ExtensibilityGlobals) = postSolution
		SolutionGuid = {8428389C-6BF3-4892-9976-B719F6A873E2}
	EndGlobalSection
EndGlobal
